
Microsoft Visual Studio Solution File, Format Version 12.00
# Visual Studio Version 17
VisualStudioVersion = 17.8.34511.84
MinimumVisualStudioVersion = 10.0.40219.1
Project("{9A19103F-16F7-4668-BE54-9A1E7A4F7556}") = "EjercicioAbstraccion", "EjercicioAbstraccion\EjercicioAbstraccion.csproj", "{897D8D51-B272-4097-8D3B-1DAFE18C4E62}"
EndProject
Global
	GlobalSection(SolutionConfigurationPlatforms) = preSolution
		Debug|Any CPU = Debug|Any CPU
		Release|Any CPU = Release|Any CPU
	EndGlobalSection
	GlobalSection(ProjectConfigurationPlatforms) = postSolution
		{897D8D51-B272-4097-8D3B-1DAFE18C4E62}.Debug|Any CPU.ActiveCfg = Debug|Any CPU
		{897D8D51-B272-4097-8D3B-1DAFE18C4E62}.Debug|Any CPU.Build.0 = Debug|Any CPU
		{897D8D51-B272-4097-8D3B-1DAFE18C4E62}.Release|Any CPU.ActiveCfg = Release|Any CPU
		{897D8D51-B272-4097-8D3B-1DAFE18C4E62}.Release|Any CPU.Build.0 = Release|Any CPU
	EndGlobalSection
	GlobalSection(SolutionProperties) = preSolution
		HideSolutionNode = FALSE
	EndGlobalSection
	GlobalSection(ExtensibilityGlobals) = postSolution
		SolutionGuid = {BEC84D0F-6FD4-49E2-ADA5-27C2E87F62F4}
	EndGlobalSection
EndGlobal
